// !$*UTF8*$!
{
	archiveVersion = 1;
	classes = {
	};
	objectVersion = 46;
	objects = {

/* Begin PBXBuildFile section */
		FD28C6A71E004F5A00734748 /* Plugin.cpp in Sources */ = {isa = PBXBuildFile; fileRef = FD28C6A51E004F5A00734748 /* Plugin.cpp */; };
		FD742A271E0E89FF00CDEBC9 /* MyAbletonLink.cpp in Sources */ = {isa = PBXBuildFile; fileRef = FD742A261E0E89FF00CDEBC9 /* MyAbletonLink.cpp */; };
/* End PBXBuildFile section */

/* Begin PBXFileReference section */
		FD28C69A1E004E9D00734748 /* UnityAbletonLink.bundle */ = {isa = PBXFileReference; explicitFileType = wrapper.cfbundle; includeInIndex = 0; path = UnityAbletonLink.bundle; sourceTree = BUILT_PRODUCTS_DIR; };
		FD28C6A41E004F3900734748 /* Plugin.h */ = {isa = PBXFileReference; lastKnownFileType = sourcecode.c.h; path = Plugin.h; sourceTree = "<group>"; };
		FD28C6A51E004F5A00734748 /* Plugin.cpp */ = {isa = PBXFileReference; fileEncoding = 4; lastKnownFileType = sourcecode.cpp.cpp; path = Plugin.cpp; sourceTree = "<group>"; };
		FD742A251E0E893900CDEBC9 /* MyAbletonLink.h */ = {isa = PBXFileReference; lastKnownFileType = sourcecode.c.h; path = MyAbletonLink.h; sourceTree = "<group>"; };
		FD742A261E0E89FF00CDEBC9 /* MyAbletonLink.cpp */ = {isa = PBXFileReference; fileEncoding = 4; lastKnownFileType = sourcecode.cpp.cpp; path = MyAbletonLink.cpp; sourceTree = "<group>"; };
		FDB740FE20DBDE780099EA8B /* Info.plist */ = {isa = PBXFileReference; fileEncoding = 4; lastKnownFileType = text.plist.xml; path = Info.plist; sourceTree = "<group>"; };
/* End PBXFileReference section */

/* Begin PBXFrameworksBuildPhase section */
		FD28C6971E004E9D00734748 /* Frameworks */ = {
			isa = PBXFrameworksBuildPhase;
			buildActionMask = 2147483647;
			files = (
			);
			runOnlyForDeploymentPostprocessing = 0;
		};
/* End PBXFrameworksBuildPhase section */

/* Begin PBXGroup section */
		FD28C6911E004E9D00734748 = {
			isa = PBXGroup;
			children = (
				FDB740FE20DBDE780099EA8B /* Info.plist */,
				FD28C6A31E004EDA00734748 /* Source */,
				FD28C69B1E004E9D00734748 /* Products */,
			);
			sourceTree = "<group>";
		};
		FD28C69B1E004E9D00734748 /* Products */ = {
			isa = PBXGroup;
			children = (
				FD28C69A1E004E9D00734748 /* UnityAbletonLink.bundle */,
			);
			name = Products;
			sourceTree = "<group>";
		};
		FD28C6A31E004EDA00734748 /* Source */ = {
			isa = PBXGroup;
			children = (
				FD742A261E0E89FF00CDEBC9 /* MyAbletonLink.cpp */,
				FD28C6A41E004F3900734748 /* Plugin.h */,
				FD28C6A51E004F5A00734748 /* Plugin.cpp */,
				FD742A251E0E893900CDEBC9 /* MyAbletonLink.h */,
			);
			name = Source;
			sourceTree = "<group>";
		};
/* End PBXGroup section */

/* Begin PBXNativeTarget section */
		FD28C6991E004E9D00734748 /* UnityAbletonLink */ = {
			isa = PBXNativeTarget;
			buildConfigurationList = FD28C6A01E004E9D00734748 /* Build configuration list for PBXNativeTarget "UnityAbletonLink" */;
			buildPhases = (
				FD28C6961E004E9D00734748 /* Sources */,
				FD28C6971E004E9D00734748 /* Frameworks */,
				FD28C6981E004E9D00734748 /* Resources */,
			);
			buildRules = (
			);
			dependencies = (
			);
			name = UnityAbletonLink;
			productName = UnityAbletonLink;
			productReference = FD28C69A1E004E9D00734748 /* UnityAbletonLink.bundle */;
			productType = "com.apple.product-type.bundle";
		};
/* End PBXNativeTarget section */

/* Begin PBXProject section */
		FD28C6921E004E9D00734748 /* Project object */ = {
			isa = PBXProject;
			attributes = {
				LastUpgradeCheck = 0820;
				ORGANIZATIONNAME = "Akihiro Komori";
				TargetAttributes = {
					FD28C6991E004E9D00734748 = {
						CreatedOnToolsVersion = 8.1;
						ProvisioningStyle = Automatic;
					};
				};
			};
			buildConfigurationList = FD28C6951E004E9D00734748 /* Build configuration list for PBXProject "UnityAbletonLink" */;
			compatibilityVersion = "Xcode 3.2";
			developmentRegion = English;
			hasScannedForEncodings = 0;
			knownRegions = (
				English,
				en,
			);
			mainGroup = FD28C6911E004E9D00734748;
			productRefGroup = FD28C69B1E004E9D00734748 /* Products */;
			projectDirPath = "";
			projectRoot = "";
			targets = (
				FD28C6991E004E9D00734748 /* UnityAbletonLink */,
			);
		};
/* End PBXProject section */

/* Begin PBXResourcesBuildPhase section */
		FD28C6981E004E9D00734748 /* Resources */ = {
			isa = PBXResourcesBuildPhase;
			buildActionMask = 2147483647;
			files = (
			);
			runOnlyForDeploymentPostprocessing = 0;
		};
/* End PBXResourcesBuildPhase section */

/* Begin PBXSourcesBuildPhase section */
		FD28C6961E004E9D00734748 /* Sources */ = {
			isa = PBXSourcesBuildPhase;
			buildActionMask = 2147483647;
			files = (
				FD28C6A71E004F5A00734748 /* Plugin.cpp in Sources */,
				FD742A271E0E89FF00CDEBC9 /* MyAbletonLink.cpp in Sources */,
			);
			runOnlyForDeploymentPostprocessing = 0;
		};
/* End PBXSourcesBuildPhase section */

/* Begin XCBuildConfiguration section */
		FD28C69E1E004E9D00734748 /* Debug */ = {
			isa = XCBuildConfiguration;
			buildSettings = {
				ALWAYS_SEARCH_USER_PATHS = NO;
				CLANG_ANALYZER_NONNULL = YES;
				CLANG_CXX_LANGUAGE_STANDARD = "gnu++0x";
				CLANG_CXX_LIBRARY = "libc++";
				CLANG_ENABLE_MODULES = YES;
				CLANG_ENABLE_OBJC_ARC = YES;
				CLANG_WARN_BOOL_CONVERSION = YES;
				CLANG_WARN_CONSTANT_CONVERSION = YES;
				CLANG_WARN_DIRECT_OBJC_ISA_USAGE = YES_ERROR;
				CLANG_WARN_DOCUMENTATION_COMMENTS = YES;
				CLANG_WARN_EMPTY_BODY = YES;
				CLANG_WARN_ENUM_CONVERSION = YES;
				CLANG_WARN_INFINITE_RECURSION = YES;
				CLANG_WARN_INT_CONVERSION = YES;
				CLANG_WARN_OBJC_ROOT_CLASS = YES_ERROR;
				CLANG_WARN_SUSPICIOUS_MOVE = YES;
				CLANG_WARN_SUSPICIOUS_MOVES = YES;
				CLANG_WARN_UNREACHABLE_CODE = YES;
				CLANG_WARN__DUPLICATE_METHOD_MATCH = YES;
				CODE_SIGN_IDENTITY = "-";
				COPY_PHASE_STRIP = NO;
				DEBUG_INFORMATION_FORMAT = dwarf;
				ENABLE_STRICT_OBJC_MSGSEND = YES;
				ENABLE_TESTABILITY = YES;
				GCC_C_LANGUAGE_STANDARD = gnu99;
				GCC_DYNAMIC_NO_PIC = NO;
				GCC_NO_COMMON_BLOCKS = YES;
				GCC_OPTIMIZATION_LEVEL = 0;
				GCC_PREPROCESSOR_DEFINITIONS = (
					"DEBUG=1",
					"$(inherited)",
				);
				GCC_WARN_64_TO_32_BIT_CONVERSION = YES;
				GCC_WARN_ABOUT_RETURN_TYPE = YES_ERROR;
				GCC_WARN_UNDECLARED_SELECTOR = YES;
				GCC_WARN_UNINITIALIZED_AUTOS = YES_AGGRESSIVE;
				GCC_WARN_UNUSED_FUNCTION = YES;
				GCC_WARN_UNUSED_VARIABLE = YES;
				HEADER_SEARCH_PATHS = (
					link/include,
					link/include/ableton,
					"link/modules/asio-standalone/asio/include",
				);
				MACOSX_DEPLOYMENT_TARGET = 10.12;
				MTL_ENABLE_DEBUG_INFO = YES;
				ONLY_ACTIVE_ARCH = YES;
				SDKROOT = macosx;
			};
			name = Debug;
		};
		FD28C69F1E004E9D00734748 /* Release */ = {
			isa = XCBuildConfiguration;
			buildSettings = {
				ALWAYS_SEARCH_USER_PATHS = NO;
				CLANG_ANALYZER_NONNULL = YES;
				CLANG_CXX_LANGUAGE_STANDARD = "gnu++0x";
				CLANG_CXX_LIBRARY = "libc++";
				CLANG_ENABLE_MODULES = YES;
				CLANG_ENABLE_OBJC_ARC = YES;
				CLANG_WARN_BOOL_CONVERSION = YES;
				CLANG_WARN_CONSTANT_CONVERSION = YES;
				CLANG_WARN_DIRECT_OBJC_ISA_USAGE = YES_ERROR;
				CLANG_WARN_DOCUMENTATION_COMMENTS = YES;
				CLANG_WARN_EMPTY_BODY = YES;
				CLANG_WARN_ENUM_CONVERSION = YES;
				CLANG_WARN_INFINITE_RECURSION = YES;
				CLANG_WARN_INT_CONVERSION = YES;
				CLANG_WARN_OBJC_ROOT_CLASS = YES_ERROR;
				CLANG_WARN_SUSPICIOUS_MOVE = YES;
				CLANG_WARN_SUSPICIOUS_MOVES = YES;
				CLANG_WARN_UNREACHABLE_CODE = YES;
				CLANG_WARN__DUPLICATE_METHOD_MATCH = YES;
				CODE_SIGN_IDENTITY = "-";
				COPY_PHASE_STRIP = NO;
				DEBUG_INFORMATION_FORMAT = "dwarf-with-dsym";
				ENABLE_NS_ASSERTIONS = NO;
				ENABLE_STRICT_OBJC_MSGSEND = YES;
				ENABLE_TESTABILITY = NO;
				GCC_C_LANGUAGE_STANDARD = gnu99;
				GCC_NO_COMMON_BLOCKS = YES;
				GCC_WARN_64_TO_32_BIT_CONVERSION = YES;
				GCC_WARN_ABOUT_RETURN_TYPE = YES_ERROR;
				GCC_WARN_UNDECLARED_SELECTOR = YES;
				GCC_WARN_UNINITIALIZED_AUTOS = YES_AGGRESSIVE;
				GCC_WARN_UNUSED_FUNCTION = YES;
				GCC_WARN_UNUSED_VARIABLE = YES;
				HEADER_SEARCH_PATHS = (
					link/include,
					link/include/ableton,
					"link/modules/asio-standalone/asio/include",
				);
				MACOSX_DEPLOYMENT_TARGET = 10.12;
				MTL_ENABLE_DEBUG_INFO = NO;
				SDKROOT = macosx;
			};
			name = Release;
		};
		FD28C6A11E004E9D00734748 /* Debug */ = {
			isa = XCBuildConfiguration;
			buildSettings = {
				COMBINE_HIDPI_IMAGES = YES;
				INFOPLIST_FILE = "$(SRCROOT)/Info.plist";
				INSTALL_PATH = "$(LOCAL_LIBRARY_DIR)/Bundles";
				PRODUCT_BUNDLE_IDENTIFIER = com.blogspot.comolog.UnityAbletonLink;
				PRODUCT_NAME = "$(TARGET_NAME)";
				SKIP_INSTALL = YES;
				WRAPPER_EXTENSION = bundle;
			};
			name = Debug;
		};
		FD28C6A21E004E9D00734748 /* Release */ = {
			isa = XCBuildConfiguration;
			buildSettings = {
				COMBINE_HIDPI_IMAGES = YES;
				INFOPLIST_FILE = "$(SRCROOT)/Info.plist";
				INSTALL_PATH = "$(LOCAL_LIBRARY_DIR)/Bundles";
				ONLY_ACTIVE_ARCH = NO;
				PRODUCT_BUNDLE_IDENTIFIER = com.blogspot.comolog.UnityAbletonLink;
				PRODUCT_NAME = "$(TARGET_NAME)";
				SKIP_INSTALL = YES;
				WRAPPER_EXTENSION = bundle;
			};
			name = Release;
		};
/* End XCBuildConfiguration section */

/* Begin XCConfigurationList section */
		FD28C6951E004E9D00734748 /* Build configuration list for PBXProject "UnityAbletonLink" */ = {
			isa = XCConfigurationList;
			buildConfigurations = (
				FD28C69E1E004E9D00734748 /* Debug */,
				FD28C69F1E004E9D00734748 /* Release */,
			);
			defaultConfigurationIsVisible = 0;
			defaultConfigurationName = Release;
		};
		FD28C6A01E004E9D00734748 /* Build configuration list for PBXNativeTarget "UnityAbletonLink" */ = {
			isa = XCConfigurationList;
			buildConfigurations = (
				FD28C6A11E004E9D00734748 /* Debug */,
				FD28C6A21E004E9D00734748 /* Release */,
			);
			defaultConfigurationIsVisible = 0;
			defaultConfigurationName = Release;
		};
/* End XCConfigurationList section */
	};
	rootObject = FD28C6921E004E9D00734748 /* Project object */;
}
